
Microsoft Visual Studio Solution File, Format Version 12.00
# Visual Studio Version 17
VisualStudioVersion = 17.8.34525.116
MinimumVisualStudioVersion = 10.0.40219.1
Project("{FAE04EC0-301F-11D3-BF4B-00C04F79EFBC}") = "Lab9", "Lab9.csproj", "{5D96CE78-6401-4A95-AE99-F9C11E08326E}"
EndProject
Global
	GlobalSection(SolutionConfigurationPlatforms) = preSolution
		Debug|Any CPU = Debug|Any CPU
		Release|Any CPU = Release|Any CPU
	EndGlobalSection
	GlobalSection(ProjectConfigurationPlatforms) = postSolution
		{5D96CE78-6401-4A95-AE99-F9C11E08326E}.Debug|Any CPU.ActiveCfg = Debug|Any CPU
		{5D96CE78-6401-4A95-AE99-F9C11E08326E}.Debug|Any CPU.Build.0 = Debug|Any CPU
		{5D96CE78-6401-4A95-AE99-F9C11E08326E}.Release|Any CPU.ActiveCfg = Release|Any CPU
		{5D96CE78-6401-4A95-AE99-F9C11E08326E}.Release|Any CPU.Build.0 = Release|Any CPU
	EndGlobalSection
	GlobalSection(SolutionProperties) = preSolution
		HideSolutionNode = FALSE
	EndGlobalSection
	GlobalSection(ExtensibilityGlobals) = postSolution
		SolutionGuid = {C230C6C7-10E7-4353-BCDF-5B132CE11066}
	EndGlobalSection
EndGlobal
